# This file is autogenerated, do not edit; changes may be undone by the next 'dep ensure'.


[[projects]]
  name = "github.com/PuerkitoBio/goquery"
  packages = ["."]
  revision = "09540e565986583836b5fc792fe951ec5fd201dd"
  version = "v1.3.0"

[[projects]]
  name = "github.com/andybalholm/cascadia"
  packages = ["."]
  revision = "901648c87902174f774fac311d7f176f8647bdaa"
  version = "v1.0.0"

[[projects]]
  name = "github.com/ikawaha/kagome"
  packages = [
    "internal/da",
    "internal/dic",
    "internal/dic/data",
    "internal/lattice",
    "tokenizer"
  ]
  revision = "a01f016539a1b763dfae43303e3ee45fc52db937"
  version = "v1.7.1"

[[projects]]
  name = "github.com/urfave/cli"
  packages = ["."]
  revision = "cfb38830724cc34fedffe9a2a29fb54fa9169cd1"
  version = "v1.20.0"

[[projects]]
  branch = "master"
  name = "golang.org/x/net"
  packages = [
    "html",
    "html/atom"
  ]
  revision = "d0aafc73d5cdc42264b0af071c261abac580695e"

[solve-meta]
  analyzer-name = "dep"
  analyzer-version = 1
  inputs-digest = "d21529d741caf4560aa2df0cf4b19ffcc005dcf7dab60f433b8d7d26166fc2ae"
  solver-name = "gps-cdcl"
  solver-version = 1
